// !$*UTF8*$!
{
	archiveVersion = 1;
	classes = {
	};
	objectVersion = 56;
	objects = {

/* Begin PBXBuildFile section */
		11F162752955214700BA6F81 /* AppDelegate.swift in Sources */ = {isa = PBXBuildFile; fileRef = 11F162742955214700BA6F81 /* AppDelegate.swift */; };
		11F162772955214700BA6F81 /* SceneDelegate.swift in Sources */ = {isa = PBXBuildFile; fileRef = 11F162762955214700BA6F81 /* SceneDelegate.swift */; };
		11F162792955214700BA6F81 /* ViewController.swift in Sources */ = {isa = PBXBuildFile; fileRef = 11F162782955214700BA6F81 /* ViewController.swift */; };
		11F1627C2955214700BA6F81 /* Main.storyboard in Resources */ = {isa = PBXBuildFile; fileRef = 11F1627A2955214700BA6F81 /* Main.storyboard */; };
		11F1627F2955214700BA6F81 /* find_my_pencil.xcdatamodeld in Sources */ = {isa = PBXBuildFile; fileRef = 11F1627D2955214700BA6F81 /* find_my_pencil.xcdatamodeld */; };
		11F162812955214A00BA6F81 /* Assets.xcassets in Resources */ = {isa = PBXBuildFile; fileRef = 11F162802955214A00BA6F81 /* Assets.xcassets */; };
		11F162842955214A00BA6F81 /* LaunchScreen.storyboard in Resources */ = {isa = PBXBuildFile; fileRef = 11F162822955214A00BA6F81 /* LaunchScreen.storyboard */; };
		11F1628F2955214B00BA6F81 /* find_my_pencilTests.swift in Sources */ = {isa = PBXBuildFile; fileRef = 11F1628E2955214B00BA6F81 /* find_my_pencilTests.swift */; };
		11F162992955214B00BA6F81 /* find_my_pencilUITests.swift in Sources */ = {isa = PBXBuildFile; fileRef = 11F162982955214B00BA6F81 /* find_my_pencilUITests.swift */; };
		11F1629B2955214B00BA6F81 /* find_my_pencilUITestsLaunchTests.swift in Sources */ = {isa = PBXBuildFile; fileRef = 11F1629A2955214B00BA6F81 /* find_my_pencilUITestsLaunchTests.swift */; };
/* End PBXBuildFile section */

/* Begin PBXContainerItemProxy section */
		11F1628B2955214B00BA6F81 /* PBXContainerItemProxy */ = {
			isa = PBXContainerItemProxy;
			containerPortal = 11F162692955214700BA6F81 /* Project object */;
			proxyType = 1;
			remoteGlobalIDString = 11F162702955214700BA6F81;
			remoteInfo = "find my pencil";
		};
		11F162952955214B00BA6F81 /* PBXContainerItemProxy */ = {
			isa = PBXContainerItemProxy;
			containerPortal = 11F162692955214700BA6F81 /* Project object */;
			proxyType = 1;
			remoteGlobalIDString = 11F162702955214700BA6F81;
			remoteInfo = "find my pencil";
		};
/* End PBXContainerItemProxy section */

/* Begin PBXFileReference section */
		11F162712955214700BA6F81 /* find my pencil.app */ = {isa = PBXFileReference; explicitFileType = wrapper.application; includeInIndex = 0; path = "find my pencil.app"; sourceTree = BUILT_PRODUCTS_DIR; };
		11F162742955214700BA6F81 /* AppDelegate.swift */ = {isa = PBXFileReference; lastKnownFileType = sourcecode.swift; path = AppDelegate.swift; sourceTree = "<group>"; };
		11F162762955214700BA6F81 /* SceneDelegate.swift */ = {isa = PBXFileReference; lastKnownFileType = sourcecode.swift; path = SceneDelegate.swift; sourceTree = "<group>"; };
		11F162782955214700BA6F81 /* ViewController.swift */ = {isa = PBXFileReference; lastKnownFileType = sourcecode.swift; path = ViewController.swift; sourceTree = "<group>"; };
		11F1627B2955214700BA6F81 /* Base */ = {isa = PBXFileReference; lastKnownFileType = file.storyboard; name = Base; path = Base.lproj/Main.storyboard; sourceTree = "<group>"; };
		11F1627E2955214700BA6F81 /* find_my_pencil.xcdatamodel */ = {isa = PBXFileReference; lastKnownFileType = wrapper.xcdatamodel; path = find_my_pencil.xcdatamodel; sourceTree = "<group>"; };
		11F162802955214A00BA6F81 /* Assets.xcassets */ = {isa = PBXFileReference; lastKnownFileType = folder.assetcatalog; path = Assets.xcassets; sourceTree = "<group>"; };
		11F162832955214A00BA6F81 /* Base */ = {isa = PBXFileReference; lastKnownFileType = file.storyboard; name = Base; path = Base.lproj/LaunchScreen.storyboard; sourceTree = "<group>"; };
		11F162852955214A00BA6F81 /* Info.plist */ = {isa = PBXFileReference; lastKnownFileType = text.plist.xml; path = Info.plist; sourceTree = "<group>"; };
		11F1628A2955214B00BA6F81 /* find my pencilTests.xctest */ = {isa = PBXFileReference; explicitFileType = wrapper.cfbundle; includeInIndex = 0; path = "find my pencilTests.xctest"; sourceTree = BUILT_PRODUCTS_DIR; };
		11F1628E2955214B00BA6F81 /* find_my_pencilTests.swift */ = {isa = PBXFileReference; lastKnownFileType = sourcecode.swift; path = find_my_pencilTests.swift; sourceTree = "<group>"; };
		11F162942955214B00BA6F81 /* find my pencilUITests.xctest */ = {isa = PBXFileReference; explicitFileType = wrapper.cfbundle; includeInIndex = 0; path = "find my pencilUITests.xctest"; sourceTree = BUILT_PRODUCTS_DIR; };
		11F162982955214B00BA6F81 /* find_my_pencilUITests.swift */ = {isa = PBXFileReference; lastKnownFileType = sourcecode.swift; path = find_my_pencilUITests.swift; sourceTree = "<group>"; };
		11F1629A2955214B00BA6F81 /* find_my_pencilUITestsLaunchTests.swift */ = {isa = PBXFileReference; lastKnownFileType = sourcecode.swift; path = find_my_pencilUITestsLaunchTests.swift; sourceTree = "<group>"; };
/* End PBXFileReference section */

/* Begin PBXFrameworksBuildPhase section */
		11F1626E2955214700BA6F81 /* Frameworks */ = {
			isa = PBXFrameworksBuildPhase;
			buildActionMask = 2147483647;
			files = (
			);
			runOnlyForDeploymentPostprocessing = 0;
		};
		11F162872955214B00BA6F81 /* Frameworks */ = {
			isa = PBXFrameworksBuildPhase;
			buildActionMask = 2147483647;
			files = (
			);
			runOnlyForDeploymentPostprocessing = 0;
		};
		11F162912955214B00BA6F81 /* Frameworks */ = {
			isa = PBXFrameworksBuildPhase;
			buildActionMask = 2147483647;
			files = (
			);
			runOnlyForDeploymentPostprocessing = 0;
		};
/* End PBXFrameworksBuildPhase section */

/* Begin PBXGroup section */
		11F162682955214700BA6F81 = {
			isa = PBXGroup;
			children = (
				11F162732955214700BA6F81 /* find my pencil */,
				11F1628D2955214B00BA6F81 /* find my pencilTests */,
				11F162972955214B00BA6F81 /* find my pencilUITests */,
				11F162722955214700BA6F81 /* Products */,
			);
			sourceTree = "<group>";
		};
		11F162722955214700BA6F81 /* Products */ = {
			isa = PBXGroup;
			children = (
				11F162712955214700BA6F81 /* find my pencil.app */,
				11F1628A2955214B00BA6F81 /* find my pencilTests.xctest */,
				11F162942955214B00BA6F81 /* find my pencilUITests.xctest */,
			);
			name = Products;
			sourceTree = "<group>";
		};
		11F162732955214700BA6F81 /* find my pencil */ = {
			isa = PBXGroup;
			children = (
				11F162742955214700BA6F81 /* AppDelegate.swift */,
				11F162762955214700BA6F81 /* SceneDelegate.swift */,
				11F162782955214700BA6F81 /* ViewController.swift */,
				11F1627A2955214700BA6F81 /* Main.storyboard */,
				11F162802955214A00BA6F81 /* Assets.xcassets */,
				11F162822955214A00BA6F81 /* LaunchScreen.storyboard */,
				11F162852955214A00BA6F81 /* Info.plist */,
				11F1627D2955214700BA6F81 /* find_my_pencil.xcdatamodeld */,
			);
			path = "find my pencil";
			sourceTree = "<group>";
		};
		11F1628D2955214B00BA6F81 /* find my pencilTests */ = {
			isa = PBXGroup;
			children = (
				11F1628E2955214B00BA6F81 /* find_my_pencilTests.swift */,
			);
			path = "find my pencilTests";
			sourceTree = "<group>";
		};
		11F162972955214B00BA6F81 /* find my pencilUITests */ = {
			isa = PBXGroup;
			children = (
				11F162982955214B00BA6F81 /* find_my_pencilUITests.swift */,
				11F1629A2955214B00BA6F81 /* find_my_pencilUITestsLaunchTests.swift */,
			);
			path = "find my pencilUITests";
			sourceTree = "<group>";
		};
/* End PBXGroup section */

/* Begin PBXNativeTarget section */
		11F162702955214700BA6F81 /* find my pencil */ = {
			isa = PBXNativeTarget;
			buildConfigurationList = 11F1629E2955214B00BA6F81 /* Build configuration list for PBXNativeTarget "find my pencil" */;
			buildPhases = (
				11F1626D2955214700BA6F81 /* Sources */,
				11F1626E2955214700BA6F81 /* Frameworks */,
				11F1626F2955214700BA6F81 /* Resources */,
			);
			buildRules = (
			);
			dependencies = (
			);
			name = "find my pencil";
			productName = "find my pencil";
			productReference = 11F162712955214700BA6F81 /* find my pencil.app */;
			productType = "com.apple.product-type.application";
		};
		11F162892955214B00BA6F81 /* find my pencilTests */ = {
			isa = PBXNativeTarget;
			buildConfigurationList = 11F162A12955214B00BA6F81 /* Build configuration list for PBXNativeTarget "find my pencilTests" */;
			buildPhases = (
				11F162862955214B00BA6F81 /* Sources */,
				11F162872955214B00BA6F81 /* Frameworks */,
				11F162882955214B00BA6F81 /* Resources */,
			);
			buildRules = (
			);
			dependencies = (
				11F1628C2955214B00BA6F81 /* PBXTargetDependency */,
			);
			name = "find my pencilTests";
			productName = "find my pencilTests";
			productReference = 11F1628A2955214B00BA6F81 /* find my pencilTests.xctest */;
			productType = "com.apple.product-type.bundle.unit-test";
		};
		11F162932955214B00BA6F81 /* find my pencilUITests */ = {
			isa = PBXNativeTarget;
			buildConfigurationList = 11F162A42955214B00BA6F81 /* Build configuration list for PBXNativeTarget "find my pencilUITests" */;
			buildPhases = (
				11F162902955214B00BA6F81 /* Sources */,
				11F162912955214B00BA6F81 /* Frameworks */,
				11F162922955214B00BA6F81 /* Resources */,
			);
			buildRules = (
			);
			dependencies = (
				11F162962955214B00BA6F81 /* PBXTargetDependency */,
			);
			name = "find my pencilUITests";
			productName = "find my pencilUITests";
			productReference = 11F162942955214B00BA6F81 /* find my pencilUITests.xctest */;
			productType = "com.apple.product-type.bundle.ui-testing";
		};
/* End PBXNativeTarget section */

/* Begin PBXProject section */
		11F162692955214700BA6F81 /* Project object */ = {
			isa = PBXProject;
			attributes = {
				BuildIndependentTargetsInParallel = 1;
				LastSwiftUpdateCheck = 1420;
				LastUpgradeCheck = 1420;
				TargetAttributes = {
					11F162702955214700BA6F81 = {
						CreatedOnToolsVersion = 14.2;
					};
					11F162892955214B00BA6F81 = {
						CreatedOnToolsVersion = 14.2;
						TestTargetID = 11F162702955214700BA6F81;
					};
					11F162932955214B00BA6F81 = {
						CreatedOnToolsVersion = 14.2;
						TestTargetID = 11F162702955214700BA6F81;
					};
				};
			};
			buildConfigurationList = 11F1626C2955214700BA6F81 /* Build configuration list for PBXProject "find my pencil" */;
			compatibilityVersion = "Xcode 14.0";
			developmentRegion = en;
			hasScannedForEncodings = 0;
			knownRegions = (
				en,
				Base,
			);
			mainGroup = 11F162682955214700BA6F81;
			productRefGroup = 11F162722955214700BA6F81 /* Products */;
			projectDirPath = "";
			projectRoot = "";
			targets = (
				11F162702955214700BA6F81 /* find my pencil */,
				11F162892955214B00BA6F81 /* find my pencilTests */,
				11F162932955214B00BA6F81 /* find my pencilUITests */,
			);
		};
/* End PBXProject section */

/* Begin PBXResourcesBuildPhase section */
		11F1626F2955214700BA6F81 /* Resources */ = {
			isa = PBXResourcesBuildPhase;
			buildActionMask = 2147483647;
			files = (
				11F162842955214A00BA6F81 /* LaunchScreen.storyboard in Resources */,
				11F162812955214A00BA6F81 /* Assets.xcassets in Resources */,
				11F1627C2955214700BA6F81 /* Main.storyboard in Resources */,
			);
			runOnlyForDeploymentPostprocessing = 0;
		};
		11F162882955214B00BA6F81 /* Resources */ = {
			isa = PBXResourcesBuildPhase;
			buildActionMask = 2147483647;
			files = (
			);
			runOnlyForDeploymentPostprocessing = 0;
		};
		11F162922955214B00BA6F81 /* Resources */ = {
			isa = PBXResourcesBuildPhase;
			buildActionMask = 2147483647;
			files = (
			);
			runOnlyForDeploymentPostprocessing = 0;
		};
/* End PBXResourcesBuildPhase section */

/* Begin PBXSourcesBuildPhase section */
		11F1626D2955214700BA6F81 /* Sources */ = {
			isa = PBXSourcesBuildPhase;
			buildActionMask = 2147483647;
			files = (
				11F162792955214700BA6F81 /* ViewController.swift in Sources */,
				11F162752955214700BA6F81 /* AppDelegate.swift in Sources */,
				11F162772955214700BA6F81 /* SceneDelegate.swift in Sources */,
				11F1627F2955214700BA6F81 /* find_my_pencil.xcdatamodeld in Sources */,
			);
			runOnlyForDeploymentPostprocessing = 0;
		};
		11F162862955214B00BA6F81 /* Sources */ = {
			isa = PBXSourcesBuildPhase;
			buildActionMask = 2147483647;
			files = (
				11F1628F2955214B00BA6F81 /* find_my_pencilTests.swift in Sources */,
			);
			runOnlyForDeploymentPostprocessing = 0;
		};
		11F162902955214B00BA6F81 /* Sources */ = {
			isa = PBXSourcesBuildPhase;
			buildActionMask = 2147483647;
			files = (
				11F1629B2955214B00BA6F81 /* find_my_pencilUITestsLaunchTests.swift in Sources */,
				11F162992955214B00BA6F81 /* find_my_pencilUITests.swift in Sources */,
			);
			runOnlyForDeploymentPostprocessing = 0;
		};
/* End PBXSourcesBuildPhase section */

/* Begin PBXTargetDependency section */
		11F1628C2955214B00BA6F81 /* PBXTargetDependency */ = {
			isa = PBXTargetDependency;
			target = 11F162702955214700BA6F81 /* find my pencil */;
			targetProxy = 11F1628B2955214B00BA6F81 /* PBXContainerItemProxy */;
		};
		11F162962955214B00BA6F81 /* PBXTargetDependency */ = {
			isa = PBXTargetDependency;
			target = 11F162702955214700BA6F81 /* find my pencil */;
			targetProxy = 11F162952955214B00BA6F81 /* PBXContainerItemProxy */;
		};
/* End PBXTargetDependency section */

/* Begin PBXVariantGroup section */
		11F1627A2955214700BA6F81 /* Main.storyboard */ = {
			isa = PBXVariantGroup;
			children = (
				11F1627B2955214700BA6F81 /* Base */,
			);
			name = Main.storyboard;
			sourceTree = "<group>";
		};
		11F162822955214A00BA6F81 /* LaunchScreen.storyboard */ = {
			isa = PBXVariantGroup;
			children = (
				11F162832955214A00BA6F81 /* Base */,
			);
			name = LaunchScreen.storyboard;
			sourceTree = "<group>";
		};
/* End PBXVariantGroup section */

/* Begin XCBuildConfiguration section */
		11F1629C2955214B00BA6F81 /* Debug */ = {
			isa = XCBuildConfiguration;
			buildSettings = {
				ALWAYS_SEARCH_USER_PATHS = NO;
				CLANG_ANALYZER_NONNULL = YES;
				CLANG_ANALYZER_NUMBER_OBJECT_CONVERSION = YES_AGGRESSIVE;
				CLANG_CXX_LANGUAGE_STANDARD = "gnu++20";
				CLANG_ENABLE_MODULES = YES;
				CLANG_ENABLE_OBJC_ARC = YES;
				CLANG_ENABLE_OBJC_WEAK = YES;
				CLANG_WARN_BLOCK_CAPTURE_AUTORELEASING = YES;
				CLANG_WARN_BOOL_CONVERSION = YES;
				CLANG_WARN_COMMA = YES;
				CLANG_WARN_CONSTANT_CONVERSION = YES;
				CLANG_WARN_DEPRECATED_OBJC_IMPLEMENTATIONS = YES;
				CLANG_WARN_DIRECT_OBJC_ISA_USAGE = YES_ERROR;
				CLANG_WARN_DOCUMENTATION_COMMENTS = YES;
				CLANG_WARN_EMPTY_BODY = YES;
				CLANG_WARN_ENUM_CONVERSION = YES;
				CLANG_WARN_INFINITE_RECURSION = YES;
				CLANG_WARN_INT_CONVERSION = YES;
				CLANG_WARN_NON_LITERAL_NULL_CONVERSION = YES;
				CLANG_WARN_OBJC_IMPLICIT_RETAIN_SELF = YES;
				CLANG_WARN_OBJC_LITERAL_CONVERSION = YES;
				CLANG_WARN_OBJC_ROOT_CLASS = YES_ERROR;
				CLANG_WARN_QUOTED_INCLUDE_IN_FRAMEWORK_HEADER = YES;
				CLANG_WARN_RANGE_LOOP_ANALYSIS = YES;
				CLANG_WARN_STRICT_PROTOTYPES = YES;
				CLANG_WARN_SUSPICIOUS_MOVE = YES;
				CLANG_WARN_UNGUARDED_AVAILABILITY = YES_AGGRESSIVE;
				CLANG_WARN_UNREACHABLE_CODE = YES;
				CLANG_WARN__DUPLICATE_METHOD_MATCH = YES;
				COPY_PHASE_STRIP = NO;
				DEBUG_INFORMATION_FORMAT = dwarf;
				ENABLE_STRICT_OBJC_MSGSEND = YES;
				ENABLE_TESTABILITY = YES;
				GCC_C_LANGUAGE_STANDARD = gnu11;
				GCC_DYNAMIC_NO_PIC = NO;
				GCC_NO_COMMON_BLOCKS = YES;
				GCC_OPTIMIZATION_LEVEL = 0;
				GCC_PREPROCESSOR_DEFINITIONS = (
					"DEBUG=1",
					"$(inherited)",
				);
				GCC_WARN_64_TO_32_BIT_CONVERSION = YES;
				GCC_WARN_ABOUT_RETURN_TYPE = YES_ERROR;
				GCC_WARN_UNDECLARED_SELECTOR = YES;
				GCC_WARN_UNINITIALIZED_AUTOS = YES_AGGRESSIVE;
				GCC_WARN_UNUSED_FUNCTION = YES;
				GCC_WARN_UNUSED_VARIABLE = YES;
				IPHONEOS_DEPLOYMENT_TARGET = 16.2;
				MTL_ENABLE_DEBUG_INFO = INCLUDE_SOURCE;
				MTL_FAST_MATH = YES;
				ONLY_ACTIVE_ARCH = YES;
				SDKROOT = iphoneos;
				SWIFT_ACTIVE_COMPILATION_CONDITIONS = DEBUG;
				SWIFT_OPTIMIZATION_LEVEL = "-Onone";
			};
			name = Debug;
		};
		11F1629D2955214B00BA6F81 /* Release */ = {
			isa = XCBuildConfiguration;
			buildSettings = {
				ALWAYS_SEARCH_USER_PATHS = NO;
				CLANG_ANALYZER_NONNULL = YES;
				CLANG_ANALYZER_NUMBER_OBJECT_CONVERSION = YES_AGGRESSIVE;
				CLANG_CXX_LANGUAGE_STANDARD = "gnu++20";
				CLANG_ENABLE_MODULES = YES;
				CLANG_ENABLE_OBJC_ARC = YES;
				CLANG_ENABLE_OBJC_WEAK = YES;
				CLANG_WARN_BLOCK_CAPTURE_AUTORELEASING = YES;
				CLANG_WARN_BOOL_CONVERSION = YES;
				CLANG_WARN_COMMA = YES;
				CLANG_WARN_CONSTANT_CONVERSION = YES;
				CLANG_WARN_DEPRECATED_OBJC_IMPLEMENTATIONS = YES;
				CLANG_WARN_DIRECT_OBJC_ISA_USAGE = YES_ERROR;
				CLANG_WARN_DOCUMENTATION_COMMENTS = YES;
				CLANG_WARN_EMPTY_BODY = YES;
				CLANG_WARN_ENUM_CONVERSION = YES;
				CLANG_WARN_INFINITE_RECURSION = YES;
				CLANG_WARN_INT_CONVERSION = YES;
				CLANG_WARN_NON_LITERAL_NULL_CONVERSION = YES;
				CLANG_WARN_OBJC_IMPLICIT_RETAIN_SELF = YES;
				CLANG_WARN_OBJC_LITERAL_CONVERSION = YES;
				CLANG_WARN_OBJC_ROOT_CLASS = YES_ERROR;
				CLANG_WARN_QUOTED_INCLUDE_IN_FRAMEWORK_HEADER = YES;
				CLANG_WARN_RANGE_LOOP_ANALYSIS = YES;
				CLANG_WARN_STRICT_PROTOTYPES = YES;
				CLANG_WARN_SUSPICIOUS_MOVE = YES;
				CLANG_WARN_UNGUARDED_AVAILABILITY = YES_AGGRESSIVE;
				CLANG_WARN_UNREACHABLE_CODE = YES;
				CLANG_WARN__DUPLICATE_METHOD_MATCH = YES;
				COPY_PHASE_STRIP = NO;
				DEBUG_INFORMATION_FORMAT = "dwarf-with-dsym";
				ENABLE_NS_ASSERTIONS = NO;
				ENABLE_STRICT_OBJC_MSGSEND = YES;
				GCC_C_LANGUAGE_STANDARD = gnu11;
				GCC_NO_COMMON_BLOCKS = YES;
				GCC_WARN_64_TO_32_BIT_CONVERSION = YES;
				GCC_WARN_ABOUT_RETURN_TYPE = YES_ERROR;
				GCC_WARN_UNDECLARED_SELECTOR = YES;
				GCC_WARN_UNINITIALIZED_AUTOS = YES_AGGRESSIVE;
				GCC_WARN_UNUSED_FUNCTION = YES;
				GCC_WARN_UNUSED_VARIABLE = YES;
				IPHONEOS_DEPLOYMENT_TARGET = 16.2;
				MTL_ENABLE_DEBUG_INFO = NO;
				MTL_FAST_MATH = YES;
				SDKROOT = iphoneos;
				SWIFT_COMPILATION_MODE = wholemodule;
				SWIFT_OPTIMIZATION_LEVEL = "-O";
				VALIDATE_PRODUCT = YES;
			};
			name = Release;
		};
		11F1629F2955214B00BA6F81 /* Debug */ = {
			isa = XCBuildConfiguration;
			buildSettings = {
				ASSETCATALOG_COMPILER_APPICON_NAME = AppIcon;
				ASSETCATALOG_COMPILER_GLOBAL_ACCENT_COLOR_NAME = AccentColor;
				CODE_SIGN_STYLE = Automatic;
				CURRENT_PROJECT_VERSION = 1;
				DEVELOPMENT_TEAM = S2F8E23DLJ;
				GENERATE_INFOPLIST_FILE = YES;
				INFOPLIST_FILE = "find my pencil/Info.plist";
				INFOPLIST_KEY_UIApplicationSupportsIndirectInputEvents = YES;
				INFOPLIST_KEY_UILaunchStoryboardName = LaunchScreen;
				INFOPLIST_KEY_UIMainStoryboardFile = Main;
				INFOPLIST_KEY_UISupportedInterfaceOrientations_iPad = "UIInterfaceOrientationPortrait UIInterfaceOrientationPortraitUpsideDown UIInterfaceOrientationLandscapeLeft UIInterfaceOrientationLandscapeRight";
				INFOPLIST_KEY_UISupportedInterfaceOrientations_iPhone = "UIInterfaceOrientationPortrait UIInterfaceOrientationLandscapeLeft UIInterfaceOrientationLandscapeRight";
				LD_RUNPATH_SEARCH_PATHS = (
					"$(inherited)",
					"@executable_path/Frameworks",
				);
				MARKETING_VERSION = 1.0;
				PRODUCT_BUNDLE_IDENTIFIER = "dev.junca.find-my-pencil";
				PRODUCT_NAME = "$(TARGET_NAME)";
				SWIFT_EMIT_LOC_STRINGS = YES;
				SWIFT_VERSION = 5.0;
				TARGETED_DEVICE_FAMILY = "1,2";
			};
			name = Debug;
		};
		11F162A02955214B00BA6F81 /* Release */ = {
			isa = XCBuildConfiguration;
			buildSettings = {
				ASSETCATALOG_COMPILER_APPICON_NAME = AppIcon;
				ASSETCATALOG_COMPILER_GLOBAL_ACCENT_COLOR_NAME = AccentColor;
				CODE_SIGN_STYLE = Automatic;
				CURRENT_PROJECT_VERSION = 1;
				DEVELOPMENT_TEAM = S2F8E23DLJ;
				GENERATE_INFOPLIST_FILE = YES;
				INFOPLIST_FILE = "find my pencil/Info.plist";
				INFOPLIST_KEY_UIApplicationSupportsIndirectInputEvents = YES;
				INFOPLIST_KEY_UILaunchStoryboardName = LaunchScreen;
				INFOPLIST_KEY_UIMainStoryboardFile = Main;
				INFOPLIST_KEY_UISupportedInterfaceOrientations_iPad = "UIInterfaceOrientationPortrait UIInterfaceOrientationPortraitUpsideDown UIInterfaceOrientationLandscapeLeft UIInterfaceOrientationLandscapeRight";
				INFOPLIST_KEY_UISupportedInterfaceOrientations_iPhone = "UIInterfaceOrientationPortrait UIInterfaceOrientationLandscapeLeft UIInterfaceOrientationLandscapeRight";
				LD_RUNPATH_SEARCH_PATHS = (
					"$(inherited)",
					"@executable_path/Frameworks",
				);
				MARKETING_VERSION = 1.0;
				PRODUCT_BUNDLE_IDENTIFIER = "dev.junca.find-my-pencil";
				PRODUCT_NAME = "$(TARGET_NAME)";
				SWIFT_EMIT_LOC_STRINGS = YES;
				SWIFT_VERSION = 5.0;
				TARGETED_DEVICE_FAMILY = "1,2";
			};
			name = Release;
		};
		11F162A22955214B00BA6F81 /* Debug */ = {
			isa = XCBuildConfiguration;
			buildSettings = {
				ALWAYS_EMBED_SWIFT_STANDARD_LIBRARIES = YES;
				BUNDLE_LOADER = "$(TEST_HOST)";
				CODE_SIGN_STYLE = Automatic;
				CURRENT_PROJECT_VERSION = 1;
				DEVELOPMENT_TEAM = S2F8E23DLJ;
				GENERATE_INFOPLIST_FILE = YES;
				IPHONEOS_DEPLOYMENT_TARGET = 16.2;
				MARKETING_VERSION = 1.0;
				PRODUCT_BUNDLE_IDENTIFIER = "dev.junca.find-my-pencilTests";
				PRODUCT_NAME = "$(TARGET_NAME)";
				SWIFT_EMIT_LOC_STRINGS = NO;
				SWIFT_VERSION = 5.0;
				TARGETED_DEVICE_FAMILY = "1,2";
				TEST_HOST = "$(BUILT_PRODUCTS_DIR)/find my pencil.app/$(BUNDLE_EXECUTABLE_FOLDER_PATH)/find my pencil";
			};
			name = Debug;
		};
		11F162A32955214B00BA6F81 /* Release */ = {
			isa = XCBuildConfiguration;
			buildSettings = {
				ALWAYS_EMBED_SWIFT_STANDARD_LIBRARIES = YES;
				BUNDLE_LOADER = "$(TEST_HOST)";
				CODE_SIGN_STYLE = Automatic;
				CURRENT_PROJECT_VERSION = 1;
				DEVELOPMENT_TEAM = S2F8E23DLJ;
				GENERATE_INFOPLIST_FILE = YES;
				IPHONEOS_DEPLOYMENT_TARGET = 16.2;
				MARKETING_VERSION = 1.0;
				PRODUCT_BUNDLE_IDENTIFIER = "dev.junca.find-my-pencilTests";
				PRODUCT_NAME = "$(TARGET_NAME)";
				SWIFT_EMIT_LOC_STRINGS = NO;
				SWIFT_VERSION = 5.0;
				TARGETED_DEVICE_FAMILY = "1,2";
				TEST_HOST = "$(BUILT_PRODUCTS_DIR)/find my pencil.app/$(BUNDLE_EXECUTABLE_FOLDER_PATH)/find my pencil";
			};
			name = Release;
		};
		11F162A52955214B00BA6F81 /* Debug */ = {
			isa = XCBuildConfiguration;
			buildSettings = {
				ALWAYS_EMBED_SWIFT_STANDARD_LIBRARIES = YES;
				CODE_SIGN_STYLE = Automatic;
				CURRENT_PROJECT_VERSION = 1;
				DEVELOPMENT_TEAM = S2F8E23DLJ;
				GENERATE_INFOPLIST_FILE = YES;
				MARKETING_VERSION = 1.0;
				PRODUCT_BUNDLE_IDENTIFIER = "dev.junca.find-my-pencilUITests";
				PRODUCT_NAME = "$(TARGET_NAME)";
				SWIFT_EMIT_LOC_STRINGS = NO;
				SWIFT_VERSION = 5.0;
				TARGETED_DEVICE_FAMILY = "1,2";
				TEST_TARGET_NAME = "find my pencil";
			};
			name = Debug;
		};
		11F162A62955214B00BA6F81 /* Release */ = {
			isa = XCBuildConfiguration;
			buildSettings = {
				ALWAYS_EMBED_SWIFT_STANDARD_LIBRARIES = YES;
				CODE_SIGN_STYLE = Automatic;
				CURRENT_PROJECT_VERSION = 1;
				DEVELOPMENT_TEAM = S2F8E23DLJ;
				GENERATE_INFOPLIST_FILE = YES;
				MARKETING_VERSION = 1.0;
				PRODUCT_BUNDLE_IDENTIFIER = "dev.junca.find-my-pencilUITests";
				PRODUCT_NAME = "$(TARGET_NAME)";
				SWIFT_EMIT_LOC_STRINGS = NO;
				SWIFT_VERSION = 5.0;
				TARGETED_DEVICE_FAMILY = "1,2";
				TEST_TARGET_NAME = "find my pencil";
			};
			name = Release;
		};
/* End XCBuildConfiguration section */

/* Begin XCConfigurationList section */
		11F1626C2955214700BA6F81 /* Build configuration list for PBXProject "find my pencil" */ = {
			isa = XCConfigurationList;
			buildConfigurations = (
				11F1629C2955214B00BA6F81 /* Debug */,
				11F1629D2955214B00BA6F81 /* Release */,
			);
			defaultConfigurationIsVisible = 0;
			defaultConfigurationName = Release;
		};
		11F1629E2955214B00BA6F81 /* Build configuration list for PBXNativeTarget "find my pencil" */ = {
			isa = XCConfigurationList;
			buildConfigurations = (
				11F1629F2955214B00BA6F81 /* Debug */,
				11F162A02955214B00BA6F81 /* Release */,
			);
			defaultConfigurationIsVisible = 0;
			defaultConfigurationName = Release;
		};
		11F162A12955214B00BA6F81 /* Build configuration list for PBXNativeTarget "find my pencilTests" */ = {
			isa = XCConfigurationList;
			buildConfigurations = (
				11F162A22955214B00BA6F81 /* Debug */,
				11F162A32955214B00BA6F81 /* Release */,
			);
			defaultConfigurationIsVisible = 0;
			defaultConfigurationName = Release;
		};
		11F162A42955214B00BA6F81 /* Build configuration list for PBXNativeTarget "find my pencilUITests" */ = {
			isa = XCConfigurationList;
			buildConfigurations = (
				11F162A52955214B00BA6F81 /* Debug */,
				11F162A62955214B00BA6F81 /* Release */,
			);
			defaultConfigurationIsVisible = 0;
			defaultConfigurationName = Release;
		};
/* End XCConfigurationList section */

/* Begin XCVersionGroup section */
		11F1627D2955214700BA6F81 /* find_my_pencil.xcdatamodeld */ = {
			isa = XCVersionGroup;
			children = (
				11F1627E2955214700BA6F81 /* find_my_pencil.xcdatamodel */,
			);
			currentVersion = 11F1627E2955214700BA6F81 /* find_my_pencil.xcdatamodel */;
			path = find_my_pencil.xcdatamodeld;
			sourceTree = "<group>";
			versionGroupType = wrapper.xcdatamodel;
		};
/* End XCVersionGroup section */
	};
	rootObject = 11F162692955214700BA6F81 /* Project object */;
}
